
Microsoft Visual Studio Solution File, Format Version 12.00
# Visual Studio Version 16
VisualStudioVersion = 16.0.31515.178
MinimumVisualStudioVersion = 10.0.40219.1
Project("{9A19103F-16F7-4668-BE54-9A1E7A4F7556}") = "VanityMonKeyGenerator", "VanityMonKeyGenerator\VanityMonKeyGenerator.csproj", "{C0D4829A-D0B1-43FA-B925-F2BFC5EB429E}"
EndProject
Project("{9A19103F-16F7-4668-BE54-9A1E7A4F7556}") = "Tests", "Tests\Tests.csproj", "{98E72FBF-7455-49C0-855E-A22F556351C9}"
EndProject
Project("{9A19103F-16F7-4668-BE54-9A1E7A4F7556}") = "GUI", "GUI\GUI.csproj", "{A4FC9975-46AC-4EA0-8A0B-05FA41EEC85C}"
EndProject
Project("{FAE04EC0-301F-11D3-BF4B-00C04F79EFBC}") = "CLI", "CLI\CLI.csproj", "{8758BBC8-A797-4BFA-8C8F-D7A794D7A09B}"
EndProject
Global
	GlobalSection(SolutionConfigurationPlatforms) = preSolution
		Debug|Any CPU = Debug|Any CPU
		Release|Any CPU = Release|Any CPU
	EndGlobalSection
	GlobalSection(ProjectConfigurationPlatforms) = postSolution
		{C0D4829A-D0B1-43FA-B925-F2BFC5EB429E}.Debug|Any CPU.ActiveCfg = Debug|Any CPU
		{C0D4829A-D0B1-43FA-B925-F2BFC5EB429E}.Debug|Any CPU.Build.0 = Debug|Any CPU
		{C0D4829A-D0B1-43FA-B925-F2BFC5EB429E}.Release|Any CPU.ActiveCfg = Release|Any CPU
		{C0D4829A-D0B1-43FA-B925-F2BFC5EB429E}.Release|Any CPU.Build.0 = Release|Any CPU
		{98E72FBF-7455-49C0-855E-A22F556351C9}.Debug|Any CPU.ActiveCfg = Debug|Any CPU
		{98E72FBF-7455-49C0-855E-A22F556351C9}.Debug|Any CPU.Build.0 = Debug|Any CPU
		{98E72FBF-7455-49C0-855E-A22F556351C9}.Release|Any CPU.ActiveCfg = Release|Any CPU
		{98E72FBF-7455-49C0-855E-A22F556351C9}.Release|Any CPU.Build.0 = Release|Any CPU
		{A4FC9975-46AC-4EA0-8A0B-05FA41EEC85C}.Debug|Any CPU.ActiveCfg = Debug|Any CPU
		{A4FC9975-46AC-4EA0-8A0B-05FA41EEC85C}.Debug|Any CPU.Build.0 = Debug|Any CPU
		{A4FC9975-46AC-4EA0-8A0B-05FA41EEC85C}.Release|Any CPU.ActiveCfg = Release|Any CPU
		{A4FC9975-46AC-4EA0-8A0B-05FA41EEC85C}.Release|Any CPU.Build.0 = Release|Any CPU
		{8758BBC8-A797-4BFA-8C8F-D7A794D7A09B}.Debug|Any CPU.ActiveCfg = Debug|Any CPU
		{8758BBC8-A797-4BFA-8C8F-D7A794D7A09B}.Debug|Any CPU.Build.0 = Debug|Any CPU
		{8758BBC8-A797-4BFA-8C8F-D7A794D7A09B}.Release|Any CPU.ActiveCfg = Release|Any CPU
		{8758BBC8-A797-4BFA-8C8F-D7A794D7A09B}.Release|Any CPU.Build.0 = Release|Any CPU
	EndGlobalSection
	GlobalSection(SolutionProperties) = preSolution
		HideSolutionNode = FALSE
	EndGlobalSection
	GlobalSection(ExtensibilityGlobals) = postSolution
		SolutionGuid = {0BD9F85A-CA78-4075-9B01-EE7DD49CE2C9}
	EndGlobalSection
EndGlobal
